// !$*UTF8*$!
{
	archiveVersion = 1;
	classes = {
	};
	objectVersion = 50;
	objects = {

/* Begin PBXBuildFile section */
		0CC3444527259FE400B4D789 /* AppDelegate.swift in Sources */ = {isa = PBXBuildFile; fileRef = 0CC3444427259FE400B4D789 /* AppDelegate.swift */; };
		0CC3444727259FE400B4D789 /* SceneDelegate.swift in Sources */ = {isa = PBXBuildFile; fileRef = 0CC3444627259FE400B4D789 /* SceneDelegate.swift */; };
		0CC3444927259FE400B4D789 /* ViewController.swift in Sources */ = {isa = PBXBuildFile; fileRef = 0CC3444827259FE400B4D789 /* ViewController.swift */; };
		0CC3444C27259FE400B4D789 /* Main.storyboard in Resources */ = {isa = PBXBuildFile; fileRef = 0CC3444A27259FE400B4D789 /* Main.storyboard */; };
		0CC3444E27259FE600B4D789 /* Assets.xcassets in Resources */ = {isa = PBXBuildFile; fileRef = 0CC3444D27259FE600B4D789 /* Assets.xcassets */; };
		0CC3445127259FE600B4D789 /* LaunchScreen.storyboard in Resources */ = {isa = PBXBuildFile; fileRef = 0CC3444F27259FE600B4D789 /* LaunchScreen.storyboard */; };
		0CC344592725A13000B4D789 /* DiceGameViewController.swift in Sources */ = {isa = PBXBuildFile; fileRef = 0CC344582725A13000B4D789 /* DiceGameViewController.swift */; };
		0CC3445B2725A16800B4D789 /* RpsGameViewController.swift in Sources */ = {isa = PBXBuildFile; fileRef = 0CC3445A2725A16800B4D789 /* RpsGameViewController.swift */; };
/* End PBXBuildFile section */

/* Begin PBXFileReference section */
		0CC3444127259FE400B4D789 /* GameTest.app */ = {isa = PBXFileReference; explicitFileType = wrapper.application; includeInIndex = 0; path = GameTest.app; sourceTree = BUILT_PRODUCTS_DIR; };
		0CC3444427259FE400B4D789 /* AppDelegate.swift */ = {isa = PBXFileReference; lastKnownFileType = sourcecode.swift; path = AppDelegate.swift; sourceTree = "<group>"; };
		0CC3444627259FE400B4D789 /* SceneDelegate.swift */ = {isa = PBXFileReference; lastKnownFileType = sourcecode.swift; path = SceneDelegate.swift; sourceTree = "<group>"; };
		0CC3444827259FE400B4D789 /* ViewController.swift */ = {isa = PBXFileReference; lastKnownFileType = sourcecode.swift; path = ViewController.swift; sourceTree = "<group>"; };
		0CC3444B27259FE400B4D789 /* Base */ = {isa = PBXFileReference; lastKnownFileType = file.storyboard; name = Base; path = Base.lproj/Main.storyboard; sourceTree = "<group>"; };
		0CC3444D27259FE600B4D789 /* Assets.xcassets */ = {isa = PBXFileReference; lastKnownFileType = folder.assetcatalog; path = Assets.xcassets; sourceTree = "<group>"; };
		0CC3445027259FE600B4D789 /* Base */ = {isa = PBXFileReference; lastKnownFileType = file.storyboard; name = Base; path = Base.lproj/LaunchScreen.storyboard; sourceTree = "<group>"; };
		0CC3445227259FE600B4D789 /* Info.plist */ = {isa = PBXFileReference; lastKnownFileType = text.plist.xml; path = Info.plist; sourceTree = "<group>"; };
		0CC344582725A13000B4D789 /* DiceGameViewController.swift */ = {isa = PBXFileReference; lastKnownFileType = sourcecode.swift; path = DiceGameViewController.swift; sourceTree = "<group>"; };
		0CC3445A2725A16800B4D789 /* RpsGameViewController.swift */ = {isa = PBXFileReference; lastKnownFileType = sourcecode.swift; path = RpsGameViewController.swift; sourceTree = "<group>"; };
/* End PBXFileReference section */

/* Begin PBXFrameworksBuildPhase section */
		0CC3443E27259FE400B4D789 /* Frameworks */ = {
			isa = PBXFrameworksBuildPhase;
			buildActionMask = 2147483647;
			files = (
			);
			runOnlyForDeploymentPostprocessing = 0;
		};
/* End PBXFrameworksBuildPhase section */

/* Begin PBXGroup section */
		0CC3443827259FE400B4D789 = {
			isa = PBXGroup;
			children = (
				0CC3444327259FE400B4D789 /* GameTest */,
				0CC3444227259FE400B4D789 /* Products */,
			);
			sourceTree = "<group>";
		};
		0CC3444227259FE400B4D789 /* Products */ = {
			isa = PBXGroup;
			children = (
				0CC3444127259FE400B4D789 /* GameTest.app */,
			);
			name = Products;
			sourceTree = "<group>";
		};
		0CC3444327259FE400B4D789 /* GameTest */ = {
			isa = PBXGroup;
			children = (
				0CC3444427259FE400B4D789 /* AppDelegate.swift */,
				0CC3444627259FE400B4D789 /* SceneDelegate.swift */,
				0CC3444827259FE400B4D789 /* ViewController.swift */,
				0CC3444A27259FE400B4D789 /* Main.storyboard */,
				0CC3444D27259FE600B4D789 /* Assets.xcassets */,
				0CC3444F27259FE600B4D789 /* LaunchScreen.storyboard */,
				0CC3445227259FE600B4D789 /* Info.plist */,
				0CC344582725A13000B4D789 /* DiceGameViewController.swift */,
				0CC3445A2725A16800B4D789 /* RpsGameViewController.swift */,
			);
			path = GameTest;
			sourceTree = "<group>";
		};
/* End PBXGroup section */

/* Begin PBXNativeTarget section */
		0CC3444027259FE400B4D789 /* GameTest */ = {
			isa = PBXNativeTarget;
			buildConfigurationList = 0CC3445527259FE600B4D789 /* Build configuration list for PBXNativeTarget "GameTest" */;
			buildPhases = (
				0CC3443D27259FE400B4D789 /* Sources */,
				0CC3443E27259FE400B4D789 /* Frameworks */,
				0CC3443F27259FE400B4D789 /* Resources */,
			);
			buildRules = (
			);
			dependencies = (
			);
			name = GameTest;
			productName = GameTest;
			productReference = 0CC3444127259FE400B4D789 /* GameTest.app */;
			productType = "com.apple.product-type.application";
		};
/* End PBXNativeTarget section */

/* Begin PBXProject section */
		0CC3443927259FE400B4D789 /* Project object */ = {
			isa = PBXProject;
			attributes = {
				LastSwiftUpdateCheck = 1250;
				LastUpgradeCheck = 1250;
				TargetAttributes = {
					0CC3444027259FE400B4D789 = {
						CreatedOnToolsVersion = 12.5.1;
					};
				};
			};
			buildConfigurationList = 0CC3443C27259FE400B4D789 /* Build configuration list for PBXProject "GameTest" */;
			compatibilityVersion = "Xcode 9.3";
			developmentRegion = en;
			hasScannedForEncodings = 0;
			knownRegions = (
				en,
				Base,
			);
			mainGroup = 0CC3443827259FE400B4D789;
			productRefGroup = 0CC3444227259FE400B4D789 /* Products */;
			projectDirPath = "";
			projectRoot = "";
			targets = (
				0CC3444027259FE400B4D789 /* GameTest */,
			);
		};
/* End PBXProject section */

/* Begin PBXResourcesBuildPhase section */
		0CC3443F27259FE400B4D789 /* Resources */ = {
			isa = PBXResourcesBuildPhase;
			buildActionMask = 2147483647;
			files = (
				0CC3445127259FE600B4D789 /* LaunchScreen.storyboard in Resources */,
				0CC3444E27259FE600B4D789 /* Assets.xcassets in Resources */,
				0CC3444C27259FE400B4D789 /* Main.storyboard in Resources */,
			);
			runOnlyForDeploymentPostprocessing = 0;
		};
/* End PBXResourcesBuildPhase section */

/* Begin PBXSourcesBuildPhase section */
		0CC3443D27259FE400B4D789 /* Sources */ = {
			isa = PBXSourcesBuildPhase;
			buildActionMask = 2147483647;
			files = (
				0CC3444927259FE400B4D789 /* ViewController.swift in Sources */,
				0CC344592725A13000B4D789 /* DiceGameViewController.swift in Sources */,
				0CC3445B2725A16800B4D789 /* RpsGameViewController.swift in Sources */,
				0CC3444527259FE400B4D789 /* AppDelegate.swift in Sources */,
				0CC3444727259FE400B4D789 /* SceneDelegate.swift in Sources */,
			);
			runOnlyForDeploymentPostprocessing = 0;
		};
/* End PBXSourcesBuildPhase section */

/* Begin PBXVariantGroup section */
		0CC3444A27259FE400B4D789 /* Main.storyboard */ = {
			isa = PBXVariantGroup;
			children = (
				0CC3444B27259FE400B4D789 /* Base */,
			);
			name = Main.storyboard;
			sourceTree = "<group>";
		};
		0CC3444F27259FE600B4D789 /* LaunchScreen.storyboard */ = {
			isa = PBXVariantGroup;
			children = (
				0CC3445027259FE600B4D789 /* Base */,
			);
			name = LaunchScreen.storyboard;
			sourceTree = "<group>";
		};
/* End PBXVariantGroup section */

/* Begin XCBuildConfiguration section */
		0CC3445327259FE600B4D789 /* Debug */ = {
			isa = XCBuildConfiguration;
			buildSettings = {
				ALWAYS_SEARCH_USER_PATHS = NO;
				CLANG_ANALYZER_NONNULL = YES;
				CLANG_ANALYZER_NUMBER_OBJECT_CONVERSION = YES_AGGRESSIVE;
				CLANG_CXX_LANGUAGE_STANDARD = "gnu++14";
				CLANG_CXX_LIBRARY = "libc++";
				CLANG_ENABLE_MODULES = YES;
				CLANG_ENABLE_OBJC_ARC = YES;
				CLANG_ENABLE_OBJC_WEAK = YES;
				CLANG_WARN_BLOCK_CAPTURE_AUTORELEASING = YES;
				CLANG_WARN_BOOL_CONVERSION = YES;
				CLANG_WARN_COMMA = YES;
				CLANG_WARN_CONSTANT_CONVERSION = YES;
				CLANG_WARN_DEPRECATED_OBJC_IMPLEMENTATIONS = YES;
				CLANG_WARN_DIRECT_OBJC_ISA_USAGE = YES_ERROR;
				CLANG_WARN_DOCUMENTATION_COMMENTS = YES;
				CLANG_WARN_EMPTY_BODY = YES;
				CLANG_WARN_ENUM_CONVERSION = YES;
				CLANG_WARN_INFINITE_RECURSION = YES;
				CLANG_WARN_INT_CONVERSION = YES;
				CLANG_WARN_NON_LITERAL_NULL_CONVERSION = YES;
				CLANG_WARN_OBJC_IMPLICIT_RETAIN_SELF = YES;
				CLANG_WARN_OBJC_LITERAL_CONVERSION = YES;
				CLANG_WARN_OBJC_ROOT_CLASS = YES_ERROR;
				CLANG_WARN_QUOTED_INCLUDE_IN_FRAMEWORK_HEADER = YES;
				CLANG_WARN_RANGE_LOOP_ANALYSIS = YES;
				CLANG_WARN_STRICT_PROTOTYPES = YES;
				CLANG_WARN_SUSPICIOUS_MOVE = YES;
				CLANG_WARN_UNGUARDED_AVAILABILITY = YES_AGGRESSIVE;
				CLANG_WARN_UNREACHABLE_CODE = YES;
				CLANG_WARN__DUPLICATE_METHOD_MATCH = YES;
				COPY_PHASE_STRIP = NO;
				DEBUG_INFORMATION_FORMAT = dwarf;
				ENABLE_STRICT_OBJC_MSGSEND = YES;
				ENABLE_TESTABILITY = YES;
				GCC_C_LANGUAGE_STANDARD = gnu11;
				GCC_DYNAMIC_NO_PIC = NO;
				GCC_NO_COMMON_BLOCKS = YES;
				GCC_OPTIMIZATION_LEVEL = 0;
				GCC_PREPROCESSOR_DEFINITIONS = (
					"DEBUG=1",
					"$(inherited)",
				);
				GCC_WARN_64_TO_32_BIT_CONVERSION = YES;
				GCC_WARN_ABOUT_RETURN_TYPE = YES_ERROR;
				GCC_WARN_UNDECLARED_SELECTOR = YES;
				GCC_WARN_UNINITIALIZED_AUTOS = YES_AGGRESSIVE;
				GCC_WARN_UNUSED_FUNCTION = YES;
				GCC_WARN_UNUSED_VARIABLE = YES;
				IPHONEOS_DEPLOYMENT_TARGET = 14.5;
				MTL_ENABLE_DEBUG_INFO = INCLUDE_SOURCE;
				MTL_FAST_MATH = YES;
				ONLY_ACTIVE_ARCH = YES;
				SDKROOT = iphoneos;
				SWIFT_ACTIVE_COMPILATION_CONDITIONS = DEBUG;
				SWIFT_OPTIMIZATION_LEVEL = "-Onone";
			};
			name = Debug;
		};
		0CC3445427259FE600B4D789 /* Release */ = {
			isa = XCBuildConfiguration;
			buildSettings = {
				ALWAYS_SEARCH_USER_PATHS = NO;
				CLANG_ANALYZER_NONNULL = YES;
				CLANG_ANALYZER_NUMBER_OBJECT_CONVERSION = YES_AGGRESSIVE;
				CLANG_CXX_LANGUAGE_STANDARD = "gnu++14";
				CLANG_CXX_LIBRARY = "libc++";
				CLANG_ENABLE_MODULES = YES;
				CLANG_ENABLE_OBJC_ARC = YES;
				CLANG_ENABLE_OBJC_WEAK = YES;
				CLANG_WARN_BLOCK_CAPTURE_AUTORELEASING = YES;
				CLANG_WARN_BOOL_CONVERSION = YES;
				CLANG_WARN_COMMA = YES;
				CLANG_WARN_CONSTANT_CONVERSION = YES;
				CLANG_WARN_DEPRECATED_OBJC_IMPLEMENTATIONS = YES;
				CLANG_WARN_DIRECT_OBJC_ISA_USAGE = YES_ERROR;
				CLANG_WARN_DOCUMENTATION_COMMENTS = YES;
				CLANG_WARN_EMPTY_BODY = YES;
				CLANG_WARN_ENUM_CONVERSION = YES;
				CLANG_WARN_INFINITE_RECURSION = YES;
				CLANG_WARN_INT_CONVERSION = YES;
				CLANG_WARN_NON_LITERAL_NULL_CONVERSION = YES;
				CLANG_WARN_OBJC_IMPLICIT_RETAIN_SELF = YES;
				CLANG_WARN_OBJC_LITERAL_CONVERSION = YES;
				CLANG_WARN_OBJC_ROOT_CLASS = YES_ERROR;
				CLANG_WARN_QUOTED_INCLUDE_IN_FRAMEWORK_HEADER = YES;
				CLANG_WARN_RANGE_LOOP_ANALYSIS = YES;
				CLANG_WARN_STRICT_PROTOTYPES = YES;
				CLANG_WARN_SUSPICIOUS_MOVE = YES;
				CLANG_WARN_UNGUARDED_AVAILABILITY = YES_AGGRESSIVE;
				CLANG_WARN_UNREACHABLE_CODE = YES;
				CLANG_WARN__DUPLICATE_METHOD_MATCH = YES;
				COPY_PHASE_STRIP = NO;
				DEBUG_INFORMATION_FORMAT = "dwarf-with-dsym";
				ENABLE_NS_ASSERTIONS = NO;
				ENABLE_STRICT_OBJC_MSGSEND = YES;
				GCC_C_LANGUAGE_STANDARD = gnu11;
				GCC_NO_COMMON_BLOCKS = YES;
				GCC_WARN_64_TO_32_BIT_CONVERSION = YES;
				GCC_WARN_ABOUT_RETURN_TYPE = YES_ERROR;
				GCC_WARN_UNDECLARED_SELECTOR = YES;
				GCC_WARN_UNINITIALIZED_AUTOS = YES_AGGRESSIVE;
				GCC_WARN_UNUSED_FUNCTION = YES;
				GCC_WARN_UNUSED_VARIABLE = YES;
				IPHONEOS_DEPLOYMENT_TARGET = 14.5;
				MTL_ENABLE_DEBUG_INFO = NO;
				MTL_FAST_MATH = YES;
				SDKROOT = iphoneos;
				SWIFT_COMPILATION_MODE = wholemodule;
				SWIFT_OPTIMIZATION_LEVEL = "-O";
				VALIDATE_PRODUCT = YES;
			};
			name = Release;
		};
		0CC3445627259FE600B4D789 /* Debug */ = {
			isa = XCBuildConfiguration;
			buildSettings = {
				ASSETCATALOG_COMPILER_APPICON_NAME = AppIcon;
				ASSETCATALOG_COMPILER_GLOBAL_ACCENT_COLOR_NAME = AccentColor;
				CODE_SIGN_STYLE = Automatic;
				DEVELOPMENT_TEAM = Y89LJ6BC92;
				INFOPLIST_FILE = GameTest/Info.plist;
				IPHONEOS_DEPLOYMENT_TARGET = 13.0;
				LD_RUNPATH_SEARCH_PATHS = (
					"$(inherited)",
					"@executable_path/Frameworks",
				);
				PRODUCT_BUNDLE_IDENTIFIER = com.gmail.yyjyyj333.GameTest;
				PRODUCT_NAME = "$(TARGET_NAME)";
				SWIFT_VERSION = 5.0;
				TARGETED_DEVICE_FAMILY = 1;
			};
			name = Debug;
		};
		0CC3445727259FE600B4D789 /* Release */ = {
			isa = XCBuildConfiguration;
			buildSettings = {
				ASSETCATALOG_COMPILER_APPICON_NAME = AppIcon;
				ASSETCATALOG_COMPILER_GLOBAL_ACCENT_COLOR_NAME = AccentColor;
				CODE_SIGN_STYLE = Automatic;
				DEVELOPMENT_TEAM = Y89LJ6BC92;
				INFOPLIST_FILE = GameTest/Info.plist;
				IPHONEOS_DEPLOYMENT_TARGET = 13.0;
				LD_RUNPATH_SEARCH_PATHS = (
					"$(inherited)",
					"@executable_path/Frameworks",
				);
				PRODUCT_BUNDLE_IDENTIFIER = com.gmail.yyjyyj333.GameTest;
				PRODUCT_NAME = "$(TARGET_NAME)";
				SWIFT_VERSION = 5.0;
				TARGETED_DEVICE_FAMILY = 1;
			};
			name = Release;
		};
/* End XCBuildConfiguration section */

/* Begin XCConfigurationList section */
		0CC3443C27259FE400B4D789 /* Build configuration list for PBXProject "GameTest" */ = {
			isa = XCConfigurationList;
			buildConfigurations = (
				0CC3445327259FE600B4D789 /* Debug */,
				0CC3445427259FE600B4D789 /* Release */,
			);
			defaultConfigurationIsVisible = 0;
			defaultConfigurationName = Release;
		};
		0CC3445527259FE600B4D789 /* Build configuration list for PBXNativeTarget "GameTest" */ = {
			isa = XCConfigurationList;
			buildConfigurations = (
				0CC3445627259FE600B4D789 /* Debug */,
				0CC3445727259FE600B4D789 /* Release */,
			);
			defaultConfigurationIsVisible = 0;
			defaultConfigurationName = Release;
		};
/* End XCConfigurationList section */
	};
	rootObject = 0CC3443927259FE400B4D789 /* Project object */;
}
